
Microsoft Visual Studio Solution File, Format Version 12.00
# Visual Studio Version 17
VisualStudioVersion = 17.4.33103.184
MinimumVisualStudioVersion = 10.0.40219.1
Project("{9A19103F-16F7-4668-BE54-9A1E7A4F7556}") = "StreamJsonRpc.Sample.Server", "StreamJsonRpc.Sample.Server\StreamJsonRpc.Sample.Server.csproj", "{BA923639-F1E6-49F2-9A29-0C10787BA2C8}"
EndProject
Project("{2150E333-8FDC-42A3-9474-1A3956D46DE8}") = "Solution Items", "Solution Items", "{786FFEC9-9F31-420E-86B8-08F729E6DAC7}"
	ProjectSection(SolutionItems) = preProject
		.editorconfig = .editorconfig
	EndProjectSection
EndProject
Global
	GlobalSection(SolutionConfigurationPlatforms) = preSolution
		Debug|Any CPU = Debug|Any CPU
		Release|Any CPU = Release|Any CPU
	EndGlobalSection
	GlobalSection(ProjectConfigurationPlatforms) = postSolution
		{BA923639-F1E6-49F2-9A29-0C10787BA2C8}.Debug|Any CPU.ActiveCfg = Debug|Any CPU
		{BA923639-F1E6-49F2-9A29-0C10787BA2C8}.Debug|Any CPU.Build.0 = Debug|Any CPU
		{BA923639-F1E6-49F2-9A29-0C10787BA2C8}.Release|Any CPU.ActiveCfg = Release|Any CPU
		{BA923639-F1E6-49F2-9A29-0C10787BA2C8}.Release|Any CPU.Build.0 = Release|Any CPU
	EndGlobalSection
	GlobalSection(SolutionProperties) = preSolution
		HideSolutionNode = FALSE
	EndGlobalSection
	GlobalSection(ExtensibilityGlobals) = postSolution
		SolutionGuid = {D362BF52-6BAF-410F-A6F8-44CD54B274F0}
	EndGlobalSection
EndGlobal
